
Microsoft Visual Studio Solution File, Format Version 12.00
# Visual Studio Version 17
VisualStudioVersion = 17.6.33723.286
MinimumVisualStudioVersion = 10.0.40219.1
Project("{FAE04EC0-301F-11D3-BF4B-00C04F79EFBC}") = "TP4", "TP4.csproj", "{1F019863-7A19-418A-B2FC-B87B36A2A8FD}"
EndProject
Global
	GlobalSection(SolutionConfigurationPlatforms) = preSolution
		Debug|Any CPU = Debug|Any CPU
		Release|Any CPU = Release|Any CPU
	EndGlobalSection
	GlobalSection(ProjectConfigurationPlatforms) = postSolution
		{1F019863-7A19-418A-B2FC-B87B36A2A8FD}.Debug|Any CPU.ActiveCfg = Debug|Any CPU
		{1F019863-7A19-418A-B2FC-B87B36A2A8FD}.Debug|Any CPU.Build.0 = Debug|Any CPU
		{1F019863-7A19-418A-B2FC-B87B36A2A8FD}.Release|Any CPU.ActiveCfg = Release|Any CPU
		{1F019863-7A19-418A-B2FC-B87B36A2A8FD}.Release|Any CPU.Build.0 = Release|Any CPU
	EndGlobalSection
	GlobalSection(SolutionProperties) = preSolution
		HideSolutionNode = FALSE
	EndGlobalSection
	GlobalSection(ExtensibilityGlobals) = postSolution
		SolutionGuid = {F4044CCB-C384-4A9D-82B6-17D183829003}
	EndGlobalSection
EndGlobal
